// !$*UTF8*$!
{
	archiveVersion = 1;
	classes = {
	};
	objectVersion = 51;
	objects = {

/* Begin PBXBuildFile section */
		1D42E020BDAC7D2B53F5B8FC /* Pods_LSJProjectTests.framework in Frameworks */ = {isa = PBXBuildFile; fileRef = CE2C4D8AED5F3CF7AA17344C /* Pods_LSJProjectTests.framework */; };
		A8029DFB2658BCBE00AF53E5 /* LSJBaseTabBarViewController.m in Sources */ = {isa = PBXBuildFile; fileRef = A8029DFA2658BCBE00AF53E5 /* LSJBaseTabBarViewController.m */; };
		A8029E042658BE9100AF53E5 /* LSJBaseNavigationViewController.m in Sources */ = {isa = PBXBuildFile; fileRef = A8029E032658BE9100AF53E5 /* LSJBaseNavigationViewController.m */; };
		A8029E072658BEA800AF53E5 /* LSJBaseViewController.m in Sources */ = {isa = PBXBuildFile; fileRef = A8029E062658BEA800AF53E5 /* LSJBaseViewController.m */; };
		A8029E0C2658BEF000AF53E5 /* LSJBaseModel.m in Sources */ = {isa = PBXBuildFile; fileRef = A8029E0B2658BEF000AF53E5 /* LSJBaseModel.m */; };
		A8029E0F2658BF0400AF53E5 /* LSJBaseView.m in Sources */ = {isa = PBXBuildFile; fileRef = A8029E0E2658BF0400AF53E5 /* LSJBaseView.m */; };
		A8029E122658BF4E00AF53E5 /* LSJWebViewController.m in Sources */ = {isa = PBXBuildFile; fileRef = A8029E112658BF4E00AF53E5 /* LSJWebViewController.m */; };
		A8029E152658BFF400AF53E5 /* LSJHomeViewController.m in Sources */ = {isa = PBXBuildFile; fileRef = A8029E142658BFF400AF53E5 /* LSJHomeViewController.m */; };
		A8029E182658C02700AF53E5 /* LSJCategoryViewController.m in Sources */ = {isa = PBXBuildFile; fileRef = A8029E172658C02700AF53E5 /* LSJCategoryViewController.m */; };
		A8029E1B2658C03500AF53E5 /* LSJFoundViewController.m in Sources */ = {isa = PBXBuildFile; fileRef = A8029E1A2658C03500AF53E5 /* LSJFoundViewController.m */; };
		A8029E2B2658CA3700AF53E5 /* LaunchScreen.storyboard in Resources */ = {isa = PBXBuildFile; fileRef = A8029E292658CA3700AF53E5 /* LaunchScreen.storyboard */; };
		A8029E2E2658CC8300AF53E5 /* Assets.xcassets in Resources */ = {isa = PBXBuildFile; fileRef = A8029E2C2658CC8300AF53E5 /* Assets.xcassets */; };
		A8029E332658D0BD00AF53E5 /* LSJAppDelegate.m in Sources */ = {isa = PBXBuildFile; fileRef = A8029E312658D0BD00AF53E5 /* LSJAppDelegate.m */; };
		A8029E4A2658F95100AF53E5 /* LSJMineViewController.m in Sources */ = {isa = PBXBuildFile; fileRef = A8029E482658F95100AF53E5 /* LSJMineViewController.m */; };
		A8029E4D2658F9CC00AF53E5 /* LSJBaseCell.m in Sources */ = {isa = PBXBuildFile; fileRef = A8029E4C2658F9CC00AF53E5 /* LSJBaseCell.m */; };
		A8029E512658FA0B00AF53E5 /* LSJMineCell.m in Sources */ = {isa = PBXBuildFile; fileRef = A8029E4F2658FA0B00AF53E5 /* LSJMineCell.m */; };
		A8029E522658FA0B00AF53E5 /* LSJMineCell.xib in Resources */ = {isa = PBXBuildFile; fileRef = A8029E502658FA0B00AF53E5 /* LSJMineCell.xib */; };
		A8029E552658FCD000AF53E5 /* LSJMineModel.m in Sources */ = {isa = PBXBuildFile; fileRef = A8029E542658FCD000AF53E5 /* LSJMineModel.m */; };
		A875B7292675F62B009DE04B /* LSJMBProgressHUDCustomViewController.m in Sources */ = {isa = PBXBuildFile; fileRef = A875B7282675F62A009DE04B /* LSJMBProgressHUDCustomViewController.m */; };
		A875B72D2675F838009DE04B /* LSJMBProgressHUD.m in Sources */ = {isa = PBXBuildFile; fileRef = A875B72C2675F838009DE04B /* LSJMBProgressHUD.m */; };
		A875B73126760460009DE04B /* LSJBaseTableViewController.m in Sources */ = {isa = PBXBuildFile; fileRef = A875B73026760460009DE04B /* LSJBaseTableViewController.m */; };
		A875B73426760CFB009DE04B /* icon_yxzb_live.gif in Resources */ = {isa = PBXBuildFile; fileRef = A875B73326760CFB009DE04B /* icon_yxzb_live.gif */; };
		A87C6E5C2648280700138A78 /* ViewController.m in Sources */ = {isa = PBXBuildFile; fileRef = A87C6E5B2648280700138A78 /* ViewController.m */; };
		A87C6E672648280800138A78 /* main.m in Sources */ = {isa = PBXBuildFile; fileRef = A87C6E662648280800138A78 /* main.m */; };
		A87C6E712648280900138A78 /* LSJProjectTests.m in Sources */ = {isa = PBXBuildFile; fileRef = A87C6E702648280900138A78 /* LSJProjectTests.m */; };
		A87C6E7C2648280900138A78 /* LSJProjectUITests.m in Sources */ = {isa = PBXBuildFile; fileRef = A87C6E7B2648280900138A78 /* LSJProjectUITests.m */; };
		A8DEAF5D2659047400697DDD /* LSJTestDemoViewController.m in Sources */ = {isa = PBXBuildFile; fileRef = A8DEAF5C2659047400697DDD /* LSJTestDemoViewController.m */; };
		A8DEAF602659049D00697DDD /* LSJCustomEncapsulationController.m in Sources */ = {isa = PBXBuildFile; fileRef = A8DEAF5F2659049D00697DDD /* LSJCustomEncapsulationController.m */; };
		A8DEAF63265904BF00697DDD /* LSJSystemEncapsulationController.m in Sources */ = {isa = PBXBuildFile; fileRef = A8DEAF62265904BF00697DDD /* LSJSystemEncapsulationController.m */; };
		A8DEAF66265904E100697DDD /* LSJVenderEncapsulationController.m in Sources */ = {isa = PBXBuildFile; fileRef = A8DEAF65265904E100697DDD /* LSJVenderEncapsulationController.m */; };
		A8DEAF692659081C00697DDD /* LSJMineListModel.m in Sources */ = {isa = PBXBuildFile; fileRef = A8DEAF682659081C00697DDD /* LSJMineListModel.m */; };
		A8DEAF7826590A0B00697DDD /* LSJSelectListView.m in Sources */ = {isa = PBXBuildFile; fileRef = A8DEAF6F26590A0B00697DDD /* LSJSelectListView.m */; };
		A8DEAF7926590A0B00697DDD /* LSJSelectOneLineCell.xib in Resources */ = {isa = PBXBuildFile; fileRef = A8DEAF7226590A0B00697DDD /* LSJSelectOneLineCell.xib */; };
		A8DEAF7A26590A0B00697DDD /* LSJSelectOneLineCell.m in Sources */ = {isa = PBXBuildFile; fileRef = A8DEAF7426590A0B00697DDD /* LSJSelectOneLineCell.m */; };
		A8DEAF7B26590A0B00697DDD /* LSJPickerView.m in Sources */ = {isa = PBXBuildFile; fileRef = A8DEAF7526590A0B00697DDD /* LSJPickerView.m */; };
		A8DEAF7C26590A0B00697DDD /* UIBezierPath+LSJ.m in Sources */ = {isa = PBXBuildFile; fileRef = A8DEAF7626590A0B00697DDD /* UIBezierPath+LSJ.m */; };
		A8DEAF7D26590A0B00697DDD /* LSJLineChartView.m in Sources */ = {isa = PBXBuildFile; fileRef = A8DEAF7726590A0B00697DDD /* LSJLineChartView.m */; };
		A8DEAF8426590A3900697DDD /* LSJLineChartViewController.m in Sources */ = {isa = PBXBuildFile; fileRef = A8DEAF7F26590A3900697DDD /* LSJLineChartViewController.m */; };
		A8DEAF8526590A3900697DDD /* LSJListViewViewController.m in Sources */ = {isa = PBXBuildFile; fileRef = A8DEAF8226590A3900697DDD /* LSJListViewViewController.m */; };
		A8DEAF8626590A3900697DDD /* LSJPickerViewViewController.m in Sources */ = {isa = PBXBuildFile; fileRef = A8DEAF8326590A3900697DDD /* LSJPickerViewViewController.m */; };
		C0E2F0D7F759F1C513C4A3C7 /* Pods_LSJProject.framework in Frameworks */ = {isa = PBXBuildFile; fileRef = 9E647F72359A66C90F64E1EF /* Pods_LSJProject.framework */; };
		F2913AD65B9053D8D482616E /* Pods_LSJProject_LSJProjectUITests.framework in Frameworks */ = {isa = PBXBuildFile; fileRef = 65FBAF461871C4728803682F /* Pods_LSJProject_LSJProjectUITests.framework */; };
/* End PBXBuildFile section */

/* Begin PBXContainerItemProxy section */
		A87C6E6D2648280900138A78 /* PBXContainerItemProxy */ = {
			isa = PBXContainerItemProxy;
			containerPortal = A87C6E4C2648280700138A78 /* Project object */;
			proxyType = 1;
			remoteGlobalIDString = A87C6E532648280700138A78;
			remoteInfo = LSJProject;
		};
		A87C6E782648280900138A78 /* PBXContainerItemProxy */ = {
			isa = PBXContainerItemProxy;
			containerPortal = A87C6E4C2648280700138A78 /* Project object */;
			proxyType = 1;
			remoteGlobalIDString = A87C6E532648280700138A78;
			remoteInfo = LSJProject;
		};
/* End PBXContainerItemProxy section */

/* Begin PBXFileReference section */
		560D7DDEF7F968F6F060CB47 /* Pods-LSJProjectTests.debug.xcconfig */ = {isa = PBXFileReference; includeInIndex = 1; lastKnownFileType = text.xcconfig; name = "Pods-LSJProjectTests.debug.xcconfig"; path = "Target Support Files/Pods-LSJProjectTests/Pods-LSJProjectTests.debug.xcconfig"; sourceTree = "<group>"; };
		65FBAF461871C4728803682F /* Pods_LSJProject_LSJProjectUITests.framework */ = {isa = PBXFileReference; explicitFileType = wrapper.framework; includeInIndex = 0; path = Pods_LSJProject_LSJProjectUITests.framework; sourceTree = BUILT_PRODUCTS_DIR; };
		7E98274E0B5EB96B8FD768B9 /* Pods-LSJProject-LSJProjectUITests.debug.xcconfig */ = {isa = PBXFileReference; includeInIndex = 1; lastKnownFileType = text.xcconfig; name = "Pods-LSJProject-LSJProjectUITests.debug.xcconfig"; path = "Target Support Files/Pods-LSJProject-LSJProjectUITests/Pods-LSJProject-LSJProjectUITests.debug.xcconfig"; sourceTree = "<group>"; };
		9E647F72359A66C90F64E1EF /* Pods_LSJProject.framework */ = {isa = PBXFileReference; explicitFileType = wrapper.framework; includeInIndex = 0; path = Pods_LSJProject.framework; sourceTree = BUILT_PRODUCTS_DIR; };
		A31DFC107FD25D70D62B3481 /* Pods-LSJProject-LSJProjectUITests.release.xcconfig */ = {isa = PBXFileReference; includeInIndex = 1; lastKnownFileType = text.xcconfig; name = "Pods-LSJProject-LSJProjectUITests.release.xcconfig"; path = "Target Support Files/Pods-LSJProject-LSJProjectUITests/Pods-LSJProject-LSJProjectUITests.release.xcconfig"; sourceTree = "<group>"; };
		A8029DF92658BCBE00AF53E5 /* LSJBaseTabBarViewController.h */ = {isa = PBXFileReference; lastKnownFileType = sourcecode.c.h; path = LSJBaseTabBarViewController.h; sourceTree = "<group>"; };
		A8029DFA2658BCBE00AF53E5 /* LSJBaseTabBarViewController.m */ = {isa = PBXFileReference; lastKnownFileType = sourcecode.c.objc; path = LSJBaseTabBarViewController.m; sourceTree = "<group>"; };
		A8029E022658BE9100AF53E5 /* LSJBaseNavigationViewController.h */ = {isa = PBXFileReference; lastKnownFileType = sourcecode.c.h; path = LSJBaseNavigationViewController.h; sourceTree = "<group>"; };
		A8029E032658BE9100AF53E5 /* LSJBaseNavigationViewController.m */ = {isa = PBXFileReference; lastKnownFileType = sourcecode.c.objc; path = LSJBaseNavigationViewController.m; sourceTree = "<group>"; };
		A8029E052658BEA800AF53E5 /* LSJBaseViewController.h */ = {isa = PBXFileReference; lastKnownFileType = sourcecode.c.h; path = LSJBaseViewController.h; sourceTree = "<group>"; };
		A8029E062658BEA800AF53E5 /* LSJBaseViewController.m */ = {isa = PBXFileReference; lastKnownFileType = sourcecode.c.objc; path = LSJBaseViewController.m; sourceTree = "<group>"; };
		A8029E0A2658BEF000AF53E5 /* LSJBaseModel.h */ = {isa = PBXFileReference; lastKnownFileType = sourcecode.c.h; path = LSJBaseModel.h; sourceTree = "<group>"; };
		A8029E0B2658BEF000AF53E5 /* LSJBaseModel.m */ = {isa = PBXFileReference; lastKnownFileType = sourcecode.c.objc; path = LSJBaseModel.m; sourceTree = "<group>"; };
		A8029E0D2658BF0400AF53E5 /* LSJBaseView.h */ = {isa = PBXFileReference; lastKnownFileType = sourcecode.c.h; path = LSJBaseView.h; sourceTree = "<group>"; };
		A8029E0E2658BF0400AF53E5 /* LSJBaseView.m */ = {isa = PBXFileReference; lastKnownFileType = sourcecode.c.objc; path = LSJBaseView.m; sourceTree = "<group>"; };
		A8029E102658BF4E00AF53E5 /* LSJWebViewController.h */ = {isa = PBXFileReference; lastKnownFileType = sourcecode.c.h; path = LSJWebViewController.h; sourceTree = "<group>"; };
		A8029E112658BF4E00AF53E5 /* LSJWebViewController.m */ = {isa = PBXFileReference; lastKnownFileType = sourcecode.c.objc; path = LSJWebViewController.m; sourceTree = "<group>"; };
		A8029E132658BFF400AF53E5 /* LSJHomeViewController.h */ = {isa = PBXFileReference; lastKnownFileType = sourcecode.c.h; path = LSJHomeViewController.h; sourceTree = "<group>"; };
		A8029E142658BFF400AF53E5 /* LSJHomeViewController.m */ = {isa = PBXFileReference; lastKnownFileType = sourcecode.c.objc; path = LSJHomeViewController.m; sourceTree = "<group>"; };
		A8029E162658C02700AF53E5 /* LSJCategoryViewController.h */ = {isa = PBXFileReference; lastKnownFileType = sourcecode.c.h; path = LSJCategoryViewController.h; sourceTree = "<group>"; };
		A8029E172658C02700AF53E5 /* LSJCategoryViewController.m */ = {isa = PBXFileReference; lastKnownFileType = sourcecode.c.objc; path = LSJCategoryViewController.m; sourceTree = "<group>"; };
		A8029E192658C03500AF53E5 /* LSJFoundViewController.h */ = {isa = PBXFileReference; lastKnownFileType = sourcecode.c.h; path = LSJFoundViewController.h; sourceTree = "<group>"; };
		A8029E1A2658C03500AF53E5 /* LSJFoundViewController.m */ = {isa = PBXFileReference; lastKnownFileType = sourcecode.c.objc; path = LSJFoundViewController.m; sourceTree = "<group>"; };
		A8029E2A2658CA3700AF53E5 /* Base */ = {isa = PBXFileReference; lastKnownFileType = file.storyboard; name = Base; path = LSJProject/Base.lproj/LaunchScreen.storyboard; sourceTree = SOURCE_ROOT; };
		A8029E2C2658CC8300AF53E5 /* Assets.xcassets */ = {isa = PBXFileReference; lastKnownFileType = folder.assetcatalog; path = Assets.xcassets; sourceTree = "<group>"; };
		A8029E2D2658CC8300AF53E5 /* Info.plist */ = {isa = PBXFileReference; fileEncoding = 4; lastKnownFileType = text.plist.xml; path = Info.plist; sourceTree = "<group>"; };
		A8029E312658D0BD00AF53E5 /* LSJAppDelegate.m */ = {isa = PBXFileReference; fileEncoding = 4; lastKnownFileType = sourcecode.c.objc; path = LSJAppDelegate.m; sourceTree = "<group>"; };
		A8029E322658D0BD00AF53E5 /* LSJAppDelegate.h */ = {isa = PBXFileReference; fileEncoding = 4; lastKnownFileType = sourcecode.c.h; path = LSJAppDelegate.h; sourceTree = "<group>"; };
		A8029E3B2658D3E200AF53E5 /* PrefixHeader.pch */ = {isa = PBXFileReference; lastKnownFileType = sourcecode.c.h; path = PrefixHeader.pch; sourceTree = "<group>"; };
		A8029E3C2658D8AC00AF53E5 /* NotificationMacro.h */ = {isa = PBXFileReference; lastKnownFileType = sourcecode.c.h; path = NotificationMacro.h; sourceTree = "<group>"; };
		A8029E3D2658D8F000AF53E5 /* APIMacro.h */ = {isa = PBXFileReference; lastKnownFileType = sourcecode.c.h; path = APIMacro.h; sourceTree = "<group>"; };
		A8029E3E2658D92700AF53E5 /* DeviceAndSystemMacro.h */ = {isa = PBXFileReference; lastKnownFileType = sourcecode.c.h; path = DeviceAndSystemMacro.h; sourceTree = "<group>"; };
		A8029E3F2658D99600AF53E5 /* CommonUseMacro.h */ = {isa = PBXFileReference; lastKnownFileType = sourcecode.c.h; path = CommonUseMacro.h; sourceTree = "<group>"; };
		A8029E402658D9E100AF53E5 /* ImportMacro.h */ = {isa = PBXFileReference; lastKnownFileType = sourcecode.c.h; path = ImportMacro.h; sourceTree = "<group>"; };
		A8029E412658E90200AF53E5 /* CommonSetMacro.h */ = {isa = PBXFileReference; lastKnownFileType = sourcecode.c.h; path = CommonSetMacro.h; sourceTree = "<group>"; };
		A8029E422658F83600AF53E5 /* FileHeaderMacro.h */ = {isa = PBXFileReference; lastKnownFileType = sourcecode.c.h; path = FileHeaderMacro.h; sourceTree = "<group>"; };
		A8029E482658F95100AF53E5 /* LSJMineViewController.m */ = {isa = PBXFileReference; fileEncoding = 4; lastKnownFileType = sourcecode.c.objc; path = LSJMineViewController.m; sourceTree = "<group>"; };
		A8029E492658F95100AF53E5 /* LSJMineViewController.h */ = {isa = PBXFileReference; fileEncoding = 4; lastKnownFileType = sourcecode.c.h; path = LSJMineViewController.h; sourceTree = "<group>"; };
		A8029E4B2658F9CC00AF53E5 /* LSJBaseCell.h */ = {isa = PBXFileReference; lastKnownFileType = sourcecode.c.h; path = LSJBaseCell.h; sourceTree = "<group>"; };
		A8029E4C2658F9CC00AF53E5 /* LSJBaseCell.m */ = {isa = PBXFileReference; lastKnownFileType = sourcecode.c.objc; path = LSJBaseCell.m; sourceTree = "<group>"; };
		A8029E4E2658FA0B00AF53E5 /* LSJMineCell.h */ = {isa = PBXFileReference; lastKnownFileType = sourcecode.c.h; path = LSJMineCell.h; sourceTree = "<group>"; };
		A8029E4F2658FA0B00AF53E5 /* LSJMineCell.m */ = {isa = PBXFileReference; lastKnownFileType = sourcecode.c.objc; path = LSJMineCell.m; sourceTree = "<group>"; };
		A8029E502658FA0B00AF53E5 /* LSJMineCell.xib */ = {isa = PBXFileReference; lastKnownFileType = file.xib; path = LSJMineCell.xib; sourceTree = "<group>"; };
		A8029E532658FCD000AF53E5 /* LSJMineModel.h */ = {isa = PBXFileReference; lastKnownFileType = sourcecode.c.h; path = LSJMineModel.h; sourceTree = "<group>"; };
		A8029E542658FCD000AF53E5 /* LSJMineModel.m */ = {isa = PBXFileReference; lastKnownFileType = sourcecode.c.objc; path = LSJMineModel.m; sourceTree = "<group>"; };
		A875B7272675F62A009DE04B /* LSJMBProgressHUDCustomViewController.h */ = {isa = PBXFileReference; lastKnownFileType = sourcecode.c.h; path = LSJMBProgressHUDCustomViewController.h; sourceTree = "<group>"; };
		A875B7282675F62A009DE04B /* LSJMBProgressHUDCustomViewController.m */ = {isa = PBXFileReference; lastKnownFileType = sourcecode.c.objc; path = LSJMBProgressHUDCustomViewController.m; sourceTree = "<group>"; };
		A875B72B2675F838009DE04B /* LSJMBProgressHUD.h */ = {isa = PBXFileReference; lastKnownFileType = sourcecode.c.h; path = LSJMBProgressHUD.h; sourceTree = "<group>"; };
		A875B72C2675F838009DE04B /* LSJMBProgressHUD.m */ = {isa = PBXFileReference; lastKnownFileType = sourcecode.c.objc; path = LSJMBProgressHUD.m; sourceTree = "<group>"; };
		A875B72F26760460009DE04B /* LSJBaseTableViewController.h */ = {isa = PBXFileReference; lastKnownFileType = sourcecode.c.h; path = LSJBaseTableViewController.h; sourceTree = "<group>"; };
		A875B73026760460009DE04B /* LSJBaseTableViewController.m */ = {isa = PBXFileReference; lastKnownFileType = sourcecode.c.objc; path = LSJBaseTableViewController.m; sourceTree = "<group>"; };
		A875B73326760CFB009DE04B /* icon_yxzb_live.gif */ = {isa = PBXFileReference; lastKnownFileType = image.gif; path = icon_yxzb_live.gif; sourceTree = "<group>"; };
		A87C6E542648280700138A78 /* LSJProject.app */ = {isa = PBXFileReference; explicitFileType = wrapper.application; includeInIndex = 0; path = LSJProject.app; sourceTree = BUILT_PRODUCTS_DIR; };
		A87C6E5A2648280700138A78 /* ViewController.h */ = {isa = PBXFileReference; lastKnownFileType = sourcecode.c.h; path = ViewController.h; sourceTree = "<group>"; };
		A87C6E5B2648280700138A78 /* ViewController.m */ = {isa = PBXFileReference; lastKnownFileType = sourcecode.c.objc; path = ViewController.m; sourceTree = "<group>"; };
		A87C6E662648280800138A78 /* main.m */ = {isa = PBXFileReference; lastKnownFileType = sourcecode.c.objc; path = main.m; sourceTree = "<group>"; };
		A87C6E6C2648280900138A78 /* LSJProjectTests.xctest */ = {isa = PBXFileReference; explicitFileType = wrapper.cfbundle; includeInIndex = 0; path = LSJProjectTests.xctest; sourceTree = BUILT_PRODUCTS_DIR; };
		A87C6E702648280900138A78 /* LSJProjectTests.m */ = {isa = PBXFileReference; lastKnownFileType = sourcecode.c.objc; path = LSJProjectTests.m; sourceTree = "<group>"; };
		A87C6E722648280900138A78 /* Info.plist */ = {isa = PBXFileReference; lastKnownFileType = text.plist.xml; path = Info.plist; sourceTree = "<group>"; };
		A87C6E772648280900138A78 /* LSJProjectUITests.xctest */ = {isa = PBXFileReference; explicitFileType = wrapper.cfbundle; includeInIndex = 0; path = LSJProjectUITests.xctest; sourceTree = BUILT_PRODUCTS_DIR; };
		A87C6E7B2648280900138A78 /* LSJProjectUITests.m */ = {isa = PBXFileReference; lastKnownFileType = sourcecode.c.objc; path = LSJProjectUITests.m; sourceTree = "<group>"; };
		A87C6E7D2648280900138A78 /* Info.plist */ = {isa = PBXFileReference; lastKnownFileType = text.plist.xml; path = Info.plist; sourceTree = "<group>"; };
		A8DEAF5B2659047400697DDD /* LSJTestDemoViewController.h */ = {isa = PBXFileReference; lastKnownFileType = sourcecode.c.h; path = LSJTestDemoViewController.h; sourceTree = "<group>"; };
		A8DEAF5C2659047400697DDD /* LSJTestDemoViewController.m */ = {isa = PBXFileReference; lastKnownFileType = sourcecode.c.objc; path = LSJTestDemoViewController.m; sourceTree = "<group>"; };
		A8DEAF5E2659049D00697DDD /* LSJCustomEncapsulationController.h */ = {isa = PBXFileReference; lastKnownFileType = sourcecode.c.h; path = LSJCustomEncapsulationController.h; sourceTree = "<group>"; };
		A8DEAF5F2659049D00697DDD /* LSJCustomEncapsulationController.m */ = {isa = PBXFileReference; lastKnownFileType = sourcecode.c.objc; path = LSJCustomEncapsulationController.m; sourceTree = "<group>"; };
		A8DEAF61265904BF00697DDD /* LSJSystemEncapsulationController.h */ = {isa = PBXFileReference; lastKnownFileType = sourcecode.c.h; path = LSJSystemEncapsulationController.h; sourceTree = "<group>"; };
		A8DEAF62265904BF00697DDD /* LSJSystemEncapsulationController.m */ = {isa = PBXFileReference; lastKnownFileType = sourcecode.c.objc; path = LSJSystemEncapsulationController.m; sourceTree = "<group>"; };
		A8DEAF64265904E100697DDD /* LSJVenderEncapsulationController.h */ = {isa = PBXFileReference; lastKnownFileType = sourcecode.c.h; path = LSJVenderEncapsulationController.h; sourceTree = "<group>"; };
		A8DEAF65265904E100697DDD /* LSJVenderEncapsulationController.m */ = {isa = PBXFileReference; lastKnownFileType = sourcecode.c.objc; path = LSJVenderEncapsulationController.m; sourceTree = "<group>"; };
		A8DEAF672659081C00697DDD /* LSJMineListModel.h */ = {isa = PBXFileReference; lastKnownFileType = sourcecode.c.h; path = LSJMineListModel.h; sourceTree = "<group>"; };
		A8DEAF682659081C00697DDD /* LSJMineListModel.m */ = {isa = PBXFileReference; lastKnownFileType = sourcecode.c.objc; path = LSJMineListModel.m; sourceTree = "<group>"; };
		A8DEAF6D26590A0B00697DDD /* UIBezierPath+LSJ.h */ = {isa = PBXFileReference; fileEncoding = 4; lastKnownFileType = sourcecode.c.h; path = "UIBezierPath+LSJ.h"; sourceTree = "<group>"; };
		A8DEAF6E26590A0B00697DDD /* LSJSelectListView.h */ = {isa = PBXFileReference; fileEncoding = 4; lastKnownFileType = sourcecode.c.h; path = LSJSelectListView.h; sourceTree = "<group>"; };
		A8DEAF6F26590A0B00697DDD /* LSJSelectListView.m */ = {isa = PBXFileReference; fileEncoding = 4; lastKnownFileType = sourcecode.c.objc; path = LSJSelectListView.m; sourceTree = "<group>"; };
		A8DEAF7026590A0B00697DDD /* LSJPickerView.h */ = {isa = PBXFileReference; fileEncoding = 4; lastKnownFileType = sourcecode.c.h; path = LSJPickerView.h; sourceTree = "<group>"; };
		A8DEAF7126590A0B00697DDD /* LSJSelectOneLineCell.h */ = {isa = PBXFileReference; fileEncoding = 4; lastKnownFileType = sourcecode.c.h; path = LSJSelectOneLineCell.h; sourceTree = "<group>"; };
		A8DEAF7226590A0B00697DDD /* LSJSelectOneLineCell.xib */ = {isa = PBXFileReference; fileEncoding = 4; lastKnownFileType = file.xib; path = LSJSelectOneLineCell.xib; sourceTree = "<group>"; };
		A8DEAF7326590A0B00697DDD /* LSJLineChartView.h */ = {isa = PBXFileReference; fileEncoding = 4; lastKnownFileType = sourcecode.c.h; path = LSJLineChartView.h; sourceTree = "<group>"; };
		A8DEAF7426590A0B00697DDD /* LSJSelectOneLineCell.m */ = {isa = PBXFileReference; fileEncoding = 4; lastKnownFileType = sourcecode.c.objc; path = LSJSelectOneLineCell.m; sourceTree = "<group>"; };
		A8DEAF7526590A0B00697DDD /* LSJPickerView.m */ = {isa = PBXFileReference; fileEncoding = 4; lastKnownFileType = sourcecode.c.objc; path = LSJPickerView.m; sourceTree = "<group>"; };
		A8DEAF7626590A0B00697DDD /* UIBezierPath+LSJ.m */ = {isa = PBXFileReference; fileEncoding = 4; lastKnownFileType = sourcecode.c.objc; path = "UIBezierPath+LSJ.m"; sourceTree = "<group>"; };
		A8DEAF7726590A0B00697DDD /* LSJLineChartView.m */ = {isa = PBXFileReference; fileEncoding = 4; lastKnownFileType = sourcecode.c.objc; path = LSJLineChartView.m; sourceTree = "<group>"; };
		A8DEAF7E26590A3900697DDD /* LSJPickerViewViewController.h */ = {isa = PBXFileReference; fileEncoding = 4; lastKnownFileType = sourcecode.c.h; path = LSJPickerViewViewController.h; sourceTree = "<group>"; };
		A8DEAF7F26590A3900697DDD /* LSJLineChartViewController.m */ = {isa = PBXFileReference; fileEncoding = 4; lastKnownFileType = sourcecode.c.objc; path = LSJLineChartViewController.m; sourceTree = "<group>"; };
		A8DEAF8026590A3900697DDD /* LSJListViewViewController.h */ = {isa = PBXFileReference; fileEncoding = 4; lastKnownFileType = sourcecode.c.h; path = LSJListViewViewController.h; sourceTree = "<group>"; };
		A8DEAF8126590A3900697DDD /* LSJLineChartViewController.h */ = {isa = PBXFileReference; fileEncoding = 4; lastKnownFileType = sourcecode.c.h; path = LSJLineChartViewController.h; sourceTree = "<group>"; };
		A8DEAF8226590A3900697DDD /* LSJListViewViewController.m */ = {isa = PBXFileReference; fileEncoding = 4; lastKnownFileType = sourcecode.c.objc; path = LSJListViewViewController.m; sourceTree = "<group>"; };
		A8DEAF8326590A3900697DDD /* LSJPickerViewViewController.m */ = {isa = PBXFileReference; fileEncoding = 4; lastKnownFileType = sourcecode.c.objc; path = LSJPickerViewViewController.m; sourceTree = "<group>"; };
		B9988D374DC1784FDB38B7AD /* Pods-LSJProject.release.xcconfig */ = {isa = PBXFileReference; includeInIndex = 1; lastKnownFileType = text.xcconfig; name = "Pods-LSJProject.release.xcconfig"; path = "Target Support Files/Pods-LSJProject/Pods-LSJProject.release.xcconfig"; sourceTree = "<group>"; };
		CE2C4D8AED5F3CF7AA17344C /* Pods_LSJProjectTests.framework */ = {isa = PBXFileReference; explicitFileType = wrapper.framework; includeInIndex = 0; path = Pods_LSJProjectTests.framework; sourceTree = BUILT_PRODUCTS_DIR; };
		E5D051BD58D3344996CD7DEA /* Pods-LSJProject.debug.xcconfig */ = {isa = PBXFileReference; includeInIndex = 1; lastKnownFileType = text.xcconfig; name = "Pods-LSJProject.debug.xcconfig"; path = "Target Support Files/Pods-LSJProject/Pods-LSJProject.debug.xcconfig"; sourceTree = "<group>"; };
		F0782379D2A1F1E3335C2BF1 /* Pods-LSJProjectTests.release.xcconfig */ = {isa = PBXFileReference; includeInIndex = 1; lastKnownFileType = text.xcconfig; name = "Pods-LSJProjectTests.release.xcconfig"; path = "Target Support Files/Pods-LSJProjectTests/Pods-LSJProjectTests.release.xcconfig"; sourceTree = "<group>"; };
/* End PBXFileReference section */

/* Begin PBXFrameworksBuildPhase section */
		A87C6E512648280700138A78 /* Frameworks */ = {
			isa = PBXFrameworksBuildPhase;
			buildActionMask = 2147483647;
			files = (
				C0E2F0D7F759F1C513C4A3C7 /* Pods_LSJProject.framework in Frameworks */,
			);
			runOnlyForDeploymentPostprocessing = 0;
		};
		A87C6E692648280900138A78 /* Frameworks */ = {
			isa = PBXFrameworksBuildPhase;
			buildActionMask = 2147483647;
			files = (
				1D42E020BDAC7D2B53F5B8FC /* Pods_LSJProjectTests.framework in Frameworks */,
			);
			runOnlyForDeploymentPostprocessing = 0;
		};
		A87C6E742648280900138A78 /* Frameworks */ = {
			isa = PBXFrameworksBuildPhase;
			buildActionMask = 2147483647;
			files = (
				F2913AD65B9053D8D482616E /* Pods_LSJProject_LSJProjectUITests.framework in Frameworks */,
			);
			runOnlyForDeploymentPostprocessing = 0;
		};
/* End PBXFrameworksBuildPhase section */

/* Begin PBXGroup section */
		35D8ADFD192B695E326B011C /* Pods */ = {
			isa = PBXGroup;
			children = (
				E5D051BD58D3344996CD7DEA /* Pods-LSJProject.debug.xcconfig */,
				B9988D374DC1784FDB38B7AD /* Pods-LSJProject.release.xcconfig */,
				7E98274E0B5EB96B8FD768B9 /* Pods-LSJProject-LSJProjectUITests.debug.xcconfig */,
				A31DFC107FD25D70D62B3481 /* Pods-LSJProject-LSJProjectUITests.release.xcconfig */,
				560D7DDEF7F968F6F060CB47 /* Pods-LSJProjectTests.debug.xcconfig */,
				F0782379D2A1F1E3335C2BF1 /* Pods-LSJProjectTests.release.xcconfig */,
			);
			path = Pods;
			sourceTree = "<group>";
		};
		8F9109D9C6241095290C695A /* Frameworks */ = {
			isa = PBXGroup;
			children = (
				9E647F72359A66C90F64E1EF /* Pods_LSJProject.framework */,
				65FBAF461871C4728803682F /* Pods_LSJProject_LSJProjectUITests.framework */,
				CE2C4D8AED5F3CF7AA17344C /* Pods_LSJProjectTests.framework */,
			);
			name = Frameworks;
			sourceTree = "<group>";
		};
		A8029DF72658BC5C00AF53E5 /* Base */ = {
			isa = PBXGroup;
			children = (
				A8029E082658BEB500AF53E5 /* Model */,
				A8029E092658BED400AF53E5 /* View */,
				A8029DF82658BC6E00AF53E5 /* Controller */,
			);
			path = Base;
			sourceTree = "<group>";
		};
		A8029DF82658BC6E00AF53E5 /* Controller */ = {
			isa = PBXGroup;
			children = (
				A8029DF92658BCBE00AF53E5 /* LSJBaseTabBarViewController.h */,
				A8029DFA2658BCBE00AF53E5 /* LSJBaseTabBarViewController.m */,
				A8029E022658BE9100AF53E5 /* LSJBaseNavigationViewController.h */,
				A8029E032658BE9100AF53E5 /* LSJBaseNavigationViewController.m */,
				A8029E052658BEA800AF53E5 /* LSJBaseViewController.h */,
				A8029E062658BEA800AF53E5 /* LSJBaseViewController.m */,
				A875B72F26760460009DE04B /* LSJBaseTableViewController.h */,
				A875B73026760460009DE04B /* LSJBaseTableViewController.m */,
				A8029E102658BF4E00AF53E5 /* LSJWebViewController.h */,
				A8029E112658BF4E00AF53E5 /* LSJWebViewController.m */,
			);
			path = Controller;
			sourceTree = "<group>";
		};
		A8029DFC2658BD8A00AF53E5 /* Home */ = {
			isa = PBXGroup;
			children = (
				A8029E132658BFF400AF53E5 /* LSJHomeViewController.h */,
				A8029E142658BFF400AF53E5 /* LSJHomeViewController.m */,
			);
			path = Home;
			sourceTree = "<group>";
		};
		A8029DFE2658BD9E00AF53E5 /* Meine */ = {
			isa = PBXGroup;
			children = (
				A8029E432658F8E900AF53E5 /* MineHome */,
			);
			path = Meine;
			sourceTree = "<group>";
		};
		A8029DFF2658BDAA00AF53E5 /* Category */ = {
			isa = PBXGroup;
			children = (
				A8029E162658C02700AF53E5 /* LSJCategoryViewController.h */,
				A8029E172658C02700AF53E5 /* LSJCategoryViewController.m */,
			);
			path = Category;
			sourceTree = "<group>";
		};
		A8029E002658BDC400AF53E5 /* Found */ = {
			isa = PBXGroup;
			children = (
				A8029E192658C03500AF53E5 /* LSJFoundViewController.h */,
				A8029E1A2658C03500AF53E5 /* LSJFoundViewController.m */,
			);
			path = Found;
			sourceTree = "<group>";
		};
		A8029E012658BDDA00AF53E5 /* Module */ = {
			isa = PBXGroup;
			children = (
				A8029DFC2658BD8A00AF53E5 /* Home */,
				A8029DFF2658BDAA00AF53E5 /* Category */,
				A8029E002658BDC400AF53E5 /* Found */,
				A8029DFE2658BD9E00AF53E5 /* Meine */,
			);
			path = Module;
			sourceTree = "<group>";
		};
		A8029E082658BEB500AF53E5 /* Model */ = {
			isa = PBXGroup;
			children = (
				A8029E0A2658BEF000AF53E5 /* LSJBaseModel.h */,
				A8029E0B2658BEF000AF53E5 /* LSJBaseModel.m */,
			);
			path = Model;
			sourceTree = "<group>";
		};
		A8029E092658BED400AF53E5 /* View */ = {
			isa = PBXGroup;
			children = (
				A8029E0D2658BF0400AF53E5 /* LSJBaseView.h */,
				A8029E0E2658BF0400AF53E5 /* LSJBaseView.m */,
				A8029E4B2658F9CC00AF53E5 /* LSJBaseCell.h */,
				A8029E4C2658F9CC00AF53E5 /* LSJBaseCell.m */,
			);
			path = View;
			sourceTree = "<group>";
		};
		A8029E1F2658C88D00AF53E5 /* Expand */ = {
			isa = PBXGroup;
			children = (
				A8029E3A2658D3AA00AF53E5 /* Common */,
				A8029E382658D33400AF53E5 /* Category */,
				A8029E372658D32700AF53E5 /* Macros */,
				A8029E362658D27C00AF53E5 /* NetWork */,
				A8029E352658D27200AF53E5 /* Tool */,
				A8029E342658D26700AF53E5 /* Util */,
			);
			path = Expand;
			sourceTree = "<group>";
		};
		A8029E202658C8BB00AF53E5 /* Resource */ = {
			isa = PBXGroup;
			children = (
				A8029E222658C8EB00AF53E5 /* Global */,
			);
			path = Resource;
			sourceTree = "<group>";
		};
		A8029E212658C8CA00AF53E5 /* Vernder */ = {
			isa = PBXGroup;
			children = (
				A875B72A2675F7DB009DE04B /* LSJMBProgressHUD */,
			);
			path = Vernder;
			sourceTree = "<group>";
		};
		A8029E222658C8EB00AF53E5 /* Global */ = {
			isa = PBXGroup;
			children = (
				A875B73226760CDE009DE04B /* gif */,
				A8029E322658D0BD00AF53E5 /* LSJAppDelegate.h */,
				A8029E312658D0BD00AF53E5 /* LSJAppDelegate.m */,
				A87C6E5A2648280700138A78 /* ViewController.h */,
				A87C6E5B2648280700138A78 /* ViewController.m */,
				A8029E292658CA3700AF53E5 /* LaunchScreen.storyboard */,
				A87C6E662648280800138A78 /* main.m */,
				A8029E2C2658CC8300AF53E5 /* Assets.xcassets */,
				A8029E2D2658CC8300AF53E5 /* Info.plist */,
				A8029E3B2658D3E200AF53E5 /* PrefixHeader.pch */,
			);
			path = Global;
			sourceTree = "<group>";
		};
		A8029E342658D26700AF53E5 /* Util */ = {
			isa = PBXGroup;
			children = (
			);
			path = Util;
			sourceTree = "<group>";
		};
		A8029E352658D27200AF53E5 /* Tool */ = {
			isa = PBXGroup;
			children = (
			);
			path = Tool;
			sourceTree = "<group>";
		};
		A8029E362658D27C00AF53E5 /* NetWork */ = {
			isa = PBXGroup;
			children = (
			);
			path = NetWork;
			sourceTree = "<group>";
		};
		A8029E372658D32700AF53E5 /* Macros */ = {
			isa = PBXGroup;
			children = (
				A8029E3C2658D8AC00AF53E5 /* NotificationMacro.h */,
				A8029E3D2658D8F000AF53E5 /* APIMacro.h */,
				A8029E3E2658D92700AF53E5 /* DeviceAndSystemMacro.h */,
				A8029E3F2658D99600AF53E5 /* CommonUseMacro.h */,
				A8029E412658E90200AF53E5 /* CommonSetMacro.h */,
				A8029E422658F83600AF53E5 /* FileHeaderMacro.h */,
				A8029E402658D9E100AF53E5 /* ImportMacro.h */,
			);
			path = Macros;
			sourceTree = "<group>";
		};
		A8029E382658D33400AF53E5 /* Category */ = {
			isa = PBXGroup;
			children = (
			);
			path = Category;
			sourceTree = "<group>";
		};
		A8029E3A2658D3AA00AF53E5 /* Common */ = {
			isa = PBXGroup;
			children = (
			);
			path = Common;
			sourceTree = "<group>";
		};
		A8029E432658F8E900AF53E5 /* MineHome */ = {
			isa = PBXGroup;
			children = (
				A8029E472658F91600AF53E5 /* Controller */,
				A8029E462658F90F00AF53E5 /* View */,
				A8029E442658F8FC00AF53E5 /* Model */,
				A8DEAF6A2659096000697DDD /* TestDemo */,
				A875B7242675F481009DE04B /* CustomEncapsulation */,
			);
			path = MineHome;
			sourceTree = "<group>";
		};
		A8029E442658F8FC00AF53E5 /* Model */ = {
			isa = PBXGroup;
			children = (
				A8029E532658FCD000AF53E5 /* LSJMineModel.h */,
				A8029E542658FCD000AF53E5 /* LSJMineModel.m */,
				A8DEAF672659081C00697DDD /* LSJMineListModel.h */,
				A8DEAF682659081C00697DDD /* LSJMineListModel.m */,
			);
			path = Model;
			sourceTree = "<group>";
		};
		A8029E462658F90F00AF53E5 /* View */ = {
			isa = PBXGroup;
			children = (
				A8029E4E2658FA0B00AF53E5 /* LSJMineCell.h */,
				A8029E4F2658FA0B00AF53E5 /* LSJMineCell.m */,
				A8029E502658FA0B00AF53E5 /* LSJMineCell.xib */,
			);
			path = View;
			sourceTree = "<group>";
		};
		A8029E472658F91600AF53E5 /* Controller */ = {
			isa = PBXGroup;
			children = (
				A8029E492658F95100AF53E5 /* LSJMineViewController.h */,
				A8029E482658F95100AF53E5 /* LSJMineViewController.m */,
				A8DEAF5B2659047400697DDD /* LSJTestDemoViewController.h */,
				A8DEAF5C2659047400697DDD /* LSJTestDemoViewController.m */,
				A8DEAF5E2659049D00697DDD /* LSJCustomEncapsulationController.h */,
				A8DEAF5F2659049D00697DDD /* LSJCustomEncapsulationController.m */,
				A8DEAF61265904BF00697DDD /* LSJSystemEncapsulationController.h */,
				A8DEAF62265904BF00697DDD /* LSJSystemEncapsulationController.m */,
				A8DEAF64265904E100697DDD /* LSJVenderEncapsulationController.h */,
				A8DEAF65265904E100697DDD /* LSJVenderEncapsulationController.m */,
			);
			path = Controller;
			sourceTree = "<group>";
		};
		A875B7242675F481009DE04B /* CustomEncapsulation */ = {
			isa = PBXGroup;
			children = (
				A875B7262675F4E0009DE04B /* View */,
				A875B7252675F4C5009DE04B /* Controller */,
			);
			path = CustomEncapsulation;
			sourceTree = "<group>";
		};
		A875B7252675F4C5009DE04B /* Controller */ = {
			isa = PBXGroup;
			children = (
			);
			path = Controller;
			sourceTree = "<group>";
		};
		A875B7262675F4E0009DE04B /* View */ = {
			isa = PBXGroup;
			children = (
			);
			path = View;
			sourceTree = "<group>";
		};
		A875B72A2675F7DB009DE04B /* LSJMBProgressHUD */ = {
			isa = PBXGroup;
			children = (
				A875B72B2675F838009DE04B /* LSJMBProgressHUD.h */,
				A875B72C2675F838009DE04B /* LSJMBProgressHUD.m */,
			);
			path = LSJMBProgressHUD;
			sourceTree = "<group>";
		};
		A875B73226760CDE009DE04B /* gif */ = {
			isa = PBXGroup;
			children = (
				A875B73326760CFB009DE04B /* icon_yxzb_live.gif */,
			);
			path = gif;
			sourceTree = "<group>";
		};
		A87C6E4B2648280700138A78 = {
			isa = PBXGroup;
			children = (
				A87C6E562648280700138A78 /* LSJProject */,
				A87C6E6F2648280900138A78 /* LSJProjectTests */,
				A87C6E7A2648280900138A78 /* LSJProjectUITests */,
				A87C6E552648280700138A78 /* Products */,
				35D8ADFD192B695E326B011C /* Pods */,
				8F9109D9C6241095290C695A /* Frameworks */,
			);
			sourceTree = "<group>";
		};
		A87C6E552648280700138A78 /* Products */ = {
			isa = PBXGroup;
			children = (
				A87C6E542648280700138A78 /* LSJProject.app */,
				A87C6E6C2648280900138A78 /* LSJProjectTests.xctest */,
				A87C6E772648280900138A78 /* LSJProjectUITests.xctest */,
			);
			name = Products;
			sourceTree = "<group>";
		};
		A87C6E562648280700138A78 /* LSJProject */ = {
			isa = PBXGroup;
			children = (
				A8029DF72658BC5C00AF53E5 /* Base */,
				A8029E012658BDDA00AF53E5 /* Module */,
				A8029E1F2658C88D00AF53E5 /* Expand */,
				A8029E212658C8CA00AF53E5 /* Vernder */,
				A8029E202658C8BB00AF53E5 /* Resource */,
			);
			path = LSJProject;
			sourceTree = "<group>";
		};
		A87C6E6F2648280900138A78 /* LSJProjectTests */ = {
			isa = PBXGroup;
			children = (
				A87C6E702648280900138A78 /* LSJProjectTests.m */,
				A87C6E722648280900138A78 /* Info.plist */,
			);
			path = LSJProjectTests;
			sourceTree = "<group>";
		};
		A87C6E7A2648280900138A78 /* LSJProjectUITests */ = {
			isa = PBXGroup;
			children = (
				A87C6E7B2648280900138A78 /* LSJProjectUITests.m */,
				A87C6E7D2648280900138A78 /* Info.plist */,
			);
			path = LSJProjectUITests;
			sourceTree = "<group>";
		};
		A8DEAF6A2659096000697DDD /* TestDemo */ = {
			isa = PBXGroup;
			children = (
				A8DEAF6C265909BA00697DDD /* View */,
				A8DEAF6B265909AF00697DDD /* Controller */,
			);
			path = TestDemo;
			sourceTree = "<group>";
		};
		A8DEAF6B265909AF00697DDD /* Controller */ = {
			isa = PBXGroup;
			children = (
				A8DEAF8126590A3900697DDD /* LSJLineChartViewController.h */,
				A8DEAF7F26590A3900697DDD /* LSJLineChartViewController.m */,
				A8DEAF8026590A3900697DDD /* LSJListViewViewController.h */,
				A8DEAF8226590A3900697DDD /* LSJListViewViewController.m */,
				A8DEAF7E26590A3900697DDD /* LSJPickerViewViewController.h */,
				A8DEAF8326590A3900697DDD /* LSJPickerViewViewController.m */,
				A875B7272675F62A009DE04B /* LSJMBProgressHUDCustomViewController.h */,
				A875B7282675F62A009DE04B /* LSJMBProgressHUDCustomViewController.m */,
			);
			path = Controller;
			sourceTree = "<group>";
		};
		A8DEAF6C265909BA00697DDD /* View */ = {
			isa = PBXGroup;
			children = (
				A8DEAF7326590A0B00697DDD /* LSJLineChartView.h */,
				A8DEAF7726590A0B00697DDD /* LSJLineChartView.m */,
				A8DEAF7026590A0B00697DDD /* LSJPickerView.h */,
				A8DEAF7526590A0B00697DDD /* LSJPickerView.m */,
				A8DEAF6E26590A0B00697DDD /* LSJSelectListView.h */,
				A8DEAF6F26590A0B00697DDD /* LSJSelectListView.m */,
				A8DEAF7126590A0B00697DDD /* LSJSelectOneLineCell.h */,
				A8DEAF7426590A0B00697DDD /* LSJSelectOneLineCell.m */,
				A8DEAF7226590A0B00697DDD /* LSJSelectOneLineCell.xib */,
				A8DEAF6D26590A0B00697DDD /* UIBezierPath+LSJ.h */,
				A8DEAF7626590A0B00697DDD /* UIBezierPath+LSJ.m */,
			);
			path = View;
			sourceTree = "<group>";
		};
/* End PBXGroup section */

/* Begin PBXNativeTarget section */
		A87C6E532648280700138A78 /* LSJProject */ = {
			isa = PBXNativeTarget;
			buildConfigurationList = A87C6E802648280900138A78 /* Build configuration list for PBXNativeTarget "LSJProject" */;
			buildPhases = (
				660DC01BC80D272A3755569F /* [CP] Check Pods Manifest.lock */,
				A87C6E502648280700138A78 /* Sources */,
				A87C6E512648280700138A78 /* Frameworks */,
				A87C6E522648280700138A78 /* Resources */,
				55C339E8CAB18ED7DB118EC2 /* [CP] Embed Pods Frameworks */,
			);
			buildRules = (
			);
			dependencies = (
			);
			name = LSJProject;
			productName = LSJProject;
			productReference = A87C6E542648280700138A78 /* LSJProject.app */;
			productType = "com.apple.product-type.application";
		};
		A87C6E6B2648280900138A78 /* LSJProjectTests */ = {
			isa = PBXNativeTarget;
			buildConfigurationList = A87C6E832648280900138A78 /* Build configuration list for PBXNativeTarget "LSJProjectTests" */;
			buildPhases = (
				F6438FD178B046B71A0B2A15 /* [CP] Check Pods Manifest.lock */,
				A87C6E682648280900138A78 /* Sources */,
				A87C6E692648280900138A78 /* Frameworks */,
				A87C6E6A2648280900138A78 /* Resources */,
			);
			buildRules = (
			);
			dependencies = (
				A87C6E6E2648280900138A78 /* PBXTargetDependency */,
			);
			name = LSJProjectTests;
			productName = LSJProjectTests;
			productReference = A87C6E6C2648280900138A78 /* LSJProjectTests.xctest */;
			productType = "com.apple.product-type.bundle.unit-test";
		};
		A87C6E762648280900138A78 /* LSJProjectUITests */ = {
			isa = PBXNativeTarget;
			buildConfigurationList = A87C6E862648280900138A78 /* Build configuration list for PBXNativeTarget "LSJProjectUITests" */;
			buildPhases = (
				A3668F2E507423346BB41599 /* [CP] Check Pods Manifest.lock */,
				A87C6E732648280900138A78 /* Sources */,
				A87C6E742648280900138A78 /* Frameworks */,
				A87C6E752648280900138A78 /* Resources */,
				6B016EC8D334277E4DDC04C5 /* [CP] Embed Pods Frameworks */,
			);
			buildRules = (
			);
			dependencies = (
				A87C6E792648280900138A78 /* PBXTargetDependency */,
			);
			name = LSJProjectUITests;
			productName = LSJProjectUITests;
			productReference = A87C6E772648280900138A78 /* LSJProjectUITests.xctest */;
			productType = "com.apple.product-type.bundle.ui-testing";
		};
/* End PBXNativeTarget section */

/* Begin PBXProject section */
		A87C6E4C2648280700138A78 /* Project object */ = {
			isa = PBXProject;
			attributes = {
				CLASSPREFIX = LSJ;
				LastUpgradeCheck = 1010;
				ORGANIZATIONNAME = Joy;
				TargetAttributes = {
					A87C6E532648280700138A78 = {
						CreatedOnToolsVersion = 10.1;
					};
					A87C6E6B2648280900138A78 = {
						CreatedOnToolsVersion = 10.1;
						TestTargetID = A87C6E532648280700138A78;
					};
					A87C6E762648280900138A78 = {
						CreatedOnToolsVersion = 10.1;
						TestTargetID = A87C6E532648280700138A78;
					};
				};
			};
			buildConfigurationList = A87C6E4F2648280700138A78 /* Build configuration list for PBXProject "LSJProject" */;
			compatibilityVersion = "Xcode 9.3";
			developmentRegion = en;
			hasScannedForEncodings = 0;
			knownRegions = (
				en,
				Base,
			);
			mainGroup = A87C6E4B2648280700138A78;
			productRefGroup = A87C6E552648280700138A78 /* Products */;
			projectDirPath = "";
			projectRoot = "";
			targets = (
				A87C6E532648280700138A78 /* LSJProject */,
				A87C6E6B2648280900138A78 /* LSJProjectTests */,
				A87C6E762648280900138A78 /* LSJProjectUITests */,
			);
		};
/* End PBXProject section */

/* Begin PBXResourcesBuildPhase section */
		A87C6E522648280700138A78 /* Resources */ = {
			isa = PBXResourcesBuildPhase;
			buildActionMask = 2147483647;
			files = (
				A8DEAF7926590A0B00697DDD /* LSJSelectOneLineCell.xib in Resources */,
				A875B73426760CFB009DE04B /* icon_yxzb_live.gif in Resources */,
				A8029E2E2658CC8300AF53E5 /* Assets.xcassets in Resources */,
				A8029E522658FA0B00AF53E5 /* LSJMineCell.xib in Resources */,
				A8029E2B2658CA3700AF53E5 /* LaunchScreen.storyboard in Resources */,
			);
			runOnlyForDeploymentPostprocessing = 0;
		};
		A87C6E6A2648280900138A78 /* Resources */ = {
			isa = PBXResourcesBuildPhase;
			buildActionMask = 2147483647;
			files = (
			);
			runOnlyForDeploymentPostprocessing = 0;
		};
		A87C6E752648280900138A78 /* Resources */ = {
			isa = PBXResourcesBuildPhase;
			buildActionMask = 2147483647;
			files = (
			);
			runOnlyForDeploymentPostprocessing = 0;
		};
/* End PBXResourcesBuildPhase section */

/* Begin PBXShellScriptBuildPhase section */
		55C339E8CAB18ED7DB118EC2 /* [CP] Embed Pods Frameworks */ = {
			isa = PBXShellScriptBuildPhase;
			buildActionMask = 2147483647;
			files = (
			);
			inputFileListPaths = (
				"${PODS_ROOT}/Target Support Files/Pods-LSJProject/Pods-LSJProject-frameworks-${CONFIGURATION}-input-files.xcfilelist",
			);
			name = "[CP] Embed Pods Frameworks";
			outputFileListPaths = (
				"${PODS_ROOT}/Target Support Files/Pods-LSJProject/Pods-LSJProject-frameworks-${CONFIGURATION}-output-files.xcfilelist",
			);
			runOnlyForDeploymentPostprocessing = 0;
			shellPath = /bin/sh;
			shellScript = "\"${PODS_ROOT}/Target Support Files/Pods-LSJProject/Pods-LSJProject-frameworks.sh\"\n";
			showEnvVarsInLog = 0;
		};
		660DC01BC80D272A3755569F /* [CP] Check Pods Manifest.lock */ = {
			isa = PBXShellScriptBuildPhase;
			buildActionMask = 2147483647;
			files = (
			);
			inputFileListPaths = (
			);
			inputPaths = (
				"${PODS_PODFILE_DIR_PATH}/Podfile.lock",
				"${PODS_ROOT}/Manifest.lock",
			);
			name = "[CP] Check Pods Manifest.lock";
			outputFileListPaths = (
			);
			outputPaths = (
				"$(DERIVED_FILE_DIR)/Pods-LSJProject-checkManifestLockResult.txt",
			);
			runOnlyForDeploymentPostprocessing = 0;
			shellPath = /bin/sh;
			shellScript = "diff \"${PODS_PODFILE_DIR_PATH}/Podfile.lock\" \"${PODS_ROOT}/Manifest.lock\" > /dev/null\nif [ $? != 0 ] ; then\n    # print error to STDERR\n    echo \"error: The sandbox is not in sync with the Podfile.lock. Run 'pod install' or update your CocoaPods installation.\" >&2\n    exit 1\nfi\n# This output is used by Xcode 'outputs' to avoid re-running this script phase.\necho \"SUCCESS\" > \"${SCRIPT_OUTPUT_FILE_0}\"\n";
			showEnvVarsInLog = 0;
		};
		6B016EC8D334277E4DDC04C5 /* [CP] Embed Pods Frameworks */ = {
			isa = PBXShellScriptBuildPhase;
			buildActionMask = 2147483647;
			files = (
			);
			inputFileListPaths = (
				"${PODS_ROOT}/Target Support Files/Pods-LSJProject-LSJProjectUITests/Pods-LSJProject-LSJProjectUITests-frameworks-${CONFIGURATION}-input-files.xcfilelist",
			);
			name = "[CP] Embed Pods Frameworks";
			outputFileListPaths = (
				"${PODS_ROOT}/Target Support Files/Pods-LSJProject-LSJProjectUITests/Pods-LSJProject-LSJProjectUITests-frameworks-${CONFIGURATION}-output-files.xcfilelist",
			);
			runOnlyForDeploymentPostprocessing = 0;
			shellPath = /bin/sh;
			shellScript = "\"${PODS_ROOT}/Target Support Files/Pods-LSJProject-LSJProjectUITests/Pods-LSJProject-LSJProjectUITests-frameworks.sh\"\n";
			showEnvVarsInLog = 0;
		};
		A3668F2E507423346BB41599 /* [CP] Check Pods Manifest.lock */ = {
			isa = PBXShellScriptBuildPhase;
			buildActionMask = 2147483647;
			files = (
			);
			inputFileListPaths = (
			);
			inputPaths = (
				"${PODS_PODFILE_DIR_PATH}/Podfile.lock",
				"${PODS_ROOT}/Manifest.lock",
			);
			name = "[CP] Check Pods Manifest.lock";
			outputFileListPaths = (
			);
			outputPaths = (
				"$(DERIVED_FILE_DIR)/Pods-LSJProject-LSJProjectUITests-checkManifestLockResult.txt",
			);
			runOnlyForDeploymentPostprocessing = 0;
			shellPath = /bin/sh;
			shellScript = "diff \"${PODS_PODFILE_DIR_PATH}/Podfile.lock\" \"${PODS_ROOT}/Manifest.lock\" > /dev/null\nif [ $? != 0 ] ; then\n    # print error to STDERR\n    echo \"error: The sandbox is not in sync with the Podfile.lock. Run 'pod install' or update your CocoaPods installation.\" >&2\n    exit 1\nfi\n# This output is used by Xcode 'outputs' to avoid re-running this script phase.\necho \"SUCCESS\" > \"${SCRIPT_OUTPUT_FILE_0}\"\n";
			showEnvVarsInLog = 0;
		};
		F6438FD178B046B71A0B2A15 /* [CP] Check Pods Manifest.lock */ = {
			isa = PBXShellScriptBuildPhase;
			buildActionMask = 2147483647;
			files = (
			);
			inputFileListPaths = (
			);
			inputPaths = (
				"${PODS_PODFILE_DIR_PATH}/Podfile.lock",
				"${PODS_ROOT}/Manifest.lock",
			);
			name = "[CP] Check Pods Manifest.lock";
			outputFileListPaths = (
			);
			outputPaths = (
				"$(DERIVED_FILE_DIR)/Pods-LSJProjectTests-checkManifestLockResult.txt",
			);
			runOnlyForDeploymentPostprocessing = 0;
			shellPath = /bin/sh;
			shellScript = "diff \"${PODS_PODFILE_DIR_PATH}/Podfile.lock\" \"${PODS_ROOT}/Manifest.lock\" > /dev/null\nif [ $? != 0 ] ; then\n    # print error to STDERR\n    echo \"error: The sandbox is not in sync with the Podfile.lock. Run 'pod install' or update your CocoaPods installation.\" >&2\n    exit 1\nfi\n# This output is used by Xcode 'outputs' to avoid re-running this script phase.\necho \"SUCCESS\" > \"${SCRIPT_OUTPUT_FILE_0}\"\n";
			showEnvVarsInLog = 0;
		};
/* End PBXShellScriptBuildPhase section */

/* Begin PBXSourcesBuildPhase section */
		A87C6E502648280700138A78 /* Sources */ = {
			isa = PBXSourcesBuildPhase;
			buildActionMask = 2147483647;
			files = (
				A8DEAF8426590A3900697DDD /* LSJLineChartViewController.m in Sources */,
				A8029E4D2658F9CC00AF53E5 /* LSJBaseCell.m in Sources */,
				A875B73126760460009DE04B /* LSJBaseTableViewController.m in Sources */,
				A87C6E5C2648280700138A78 /* ViewController.m in Sources */,
				A8029E072658BEA800AF53E5 /* LSJBaseViewController.m in Sources */,
				A8029E552658FCD000AF53E5 /* LSJMineModel.m in Sources */,
				A8DEAF7C26590A0B00697DDD /* UIBezierPath+LSJ.m in Sources */,
				A8DEAF66265904E100697DDD /* LSJVenderEncapsulationController.m in Sources */,
				A875B7292675F62B009DE04B /* LSJMBProgressHUDCustomViewController.m in Sources */,
				A8DEAF63265904BF00697DDD /* LSJSystemEncapsulationController.m in Sources */,
				A8029E0F2658BF0400AF53E5 /* LSJBaseView.m in Sources */,
				A8DEAF7D26590A0B00697DDD /* LSJLineChartView.m in Sources */,
				A8DEAF7826590A0B00697DDD /* LSJSelectListView.m in Sources */,
				A87C6E672648280800138A78 /* main.m in Sources */,
				A8029DFB2658BCBE00AF53E5 /* LSJBaseTabBarViewController.m in Sources */,
				A8029E042658BE9100AF53E5 /* LSJBaseNavigationViewController.m in Sources */,
				A8DEAF692659081C00697DDD /* LSJMineListModel.m in Sources */,
				A8029E1B2658C03500AF53E5 /* LSJFoundViewController.m in Sources */,
				A875B72D2675F838009DE04B /* LSJMBProgressHUD.m in Sources */,
				A8DEAF602659049D00697DDD /* LSJCustomEncapsulationController.m in Sources */,
				A8029E512658FA0B00AF53E5 /* LSJMineCell.m in Sources */,
				A8029E152658BFF400AF53E5 /* LSJHomeViewController.m in Sources */,
				A8DEAF5D2659047400697DDD /* LSJTestDemoViewController.m in Sources */,
				A8DEAF8526590A3900697DDD /* LSJListViewViewController.m in Sources */,
				A8DEAF7A26590A0B00697DDD /* LSJSelectOneLineCell.m in Sources */,
				A8DEAF7B26590A0B00697DDD /* LSJPickerView.m in Sources */,
				A8029E4A2658F95100AF53E5 /* LSJMineViewController.m in Sources */,
				A8029E122658BF4E00AF53E5 /* LSJWebViewController.m in Sources */,
				A8029E182658C02700AF53E5 /* LSJCategoryViewController.m in Sources */,
				A8029E0C2658BEF000AF53E5 /* LSJBaseModel.m in Sources */,
				A8029E332658D0BD00AF53E5 /* LSJAppDelegate.m in Sources */,
				A8DEAF8626590A3900697DDD /* LSJPickerViewViewController.m in Sources */,
			);
			runOnlyForDeploymentPostprocessing = 0;
		};
		A87C6E682648280900138A78 /* Sources */ = {
			isa = PBXSourcesBuildPhase;
			buildActionMask = 2147483647;
			files = (
				A87C6E712648280900138A78 /* LSJProjectTests.m in Sources */,
			);
			runOnlyForDeploymentPostprocessing = 0;
		};
		A87C6E732648280900138A78 /* Sources */ = {
			isa = PBXSourcesBuildPhase;
			buildActionMask = 2147483647;
			files = (
				A87C6E7C2648280900138A78 /* LSJProjectUITests.m in Sources */,
			);
			runOnlyForDeploymentPostprocessing = 0;
		};
/* End PBXSourcesBuildPhase section */

/* Begin PBXTargetDependency section */
		A87C6E6E2648280900138A78 /* PBXTargetDependency */ = {
			isa = PBXTargetDependency;
			target = A87C6E532648280700138A78 /* LSJProject */;
			targetProxy = A87C6E6D2648280900138A78 /* PBXContainerItemProxy */;
		};
		A87C6E792648280900138A78 /* PBXTargetDependency */ = {
			isa = PBXTargetDependency;
			target = A87C6E532648280700138A78 /* LSJProject */;
			targetProxy = A87C6E782648280900138A78 /* PBXContainerItemProxy */;
		};
/* End PBXTargetDependency section */

/* Begin PBXVariantGroup section */
		A8029E292658CA3700AF53E5 /* LaunchScreen.storyboard */ = {
			isa = PBXVariantGroup;
			children = (
				A8029E2A2658CA3700AF53E5 /* Base */,
			);
			name = LaunchScreen.storyboard;
			sourceTree = "<group>";
		};
/* End PBXVariantGroup section */

/* Begin XCBuildConfiguration section */
		A87C6E7E2648280900138A78 /* Debug */ = {
			isa = XCBuildConfiguration;
			buildSettings = {
				ALWAYS_SEARCH_USER_PATHS = NO;
				CLANG_ANALYZER_NONNULL = YES;
				CLANG_ANALYZER_NUMBER_OBJECT_CONVERSION = YES_AGGRESSIVE;
				CLANG_CXX_LANGUAGE_STANDARD = "gnu++14";
				CLANG_CXX_LIBRARY = "libc++";
				CLANG_ENABLE_MODULES = YES;
				CLANG_ENABLE_OBJC_ARC = YES;
				CLANG_ENABLE_OBJC_WEAK = YES;
				CLANG_WARN_BLOCK_CAPTURE_AUTORELEASING = YES;
				CLANG_WARN_BOOL_CONVERSION = YES;
				CLANG_WARN_COMMA = YES;
				CLANG_WARN_CONSTANT_CONVERSION = YES;
				CLANG_WARN_DEPRECATED_OBJC_IMPLEMENTATIONS = YES;
				CLANG_WARN_DIRECT_OBJC_ISA_USAGE = YES_ERROR;
				CLANG_WARN_DOCUMENTATION_COMMENTS = YES;
				CLANG_WARN_EMPTY_BODY = YES;
				CLANG_WARN_ENUM_CONVERSION = YES;
				CLANG_WARN_INFINITE_RECURSION = YES;
				CLANG_WARN_INT_CONVERSION = YES;
				CLANG_WARN_NON_LITERAL_NULL_CONVERSION = YES;
				CLANG_WARN_OBJC_IMPLICIT_RETAIN_SELF = YES;
				CLANG_WARN_OBJC_LITERAL_CONVERSION = YES;
				CLANG_WARN_OBJC_ROOT_CLASS = YES_ERROR;
				CLANG_WARN_RANGE_LOOP_ANALYSIS = YES;
				CLANG_WARN_STRICT_PROTOTYPES = YES;
				CLANG_WARN_SUSPICIOUS_MOVE = YES;
				CLANG_WARN_UNGUARDED_AVAILABILITY = YES_AGGRESSIVE;
				CLANG_WARN_UNREACHABLE_CODE = YES;
				CLANG_WARN__DUPLICATE_METHOD_MATCH = YES;
				CODE_SIGN_IDENTITY = "iPhone Developer";
				COPY_PHASE_STRIP = NO;
				DEBUG_INFORMATION_FORMAT = dwarf;
				ENABLE_STRICT_OBJC_MSGSEND = YES;
				ENABLE_TESTABILITY = YES;
				GCC_C_LANGUAGE_STANDARD = gnu11;
				GCC_DYNAMIC_NO_PIC = NO;
				GCC_NO_COMMON_BLOCKS = YES;
				GCC_OPTIMIZATION_LEVEL = 0;
				GCC_PREPROCESSOR_DEFINITIONS = (
					"DEBUG=1",
					"$(inherited)",
				);
				GCC_WARN_64_TO_32_BIT_CONVERSION = YES;
				GCC_WARN_ABOUT_RETURN_TYPE = YES_ERROR;
				GCC_WARN_UNDECLARED_SELECTOR = YES;
				GCC_WARN_UNINITIALIZED_AUTOS = YES_AGGRESSIVE;
				GCC_WARN_UNUSED_FUNCTION = YES;
				GCC_WARN_UNUSED_VARIABLE = YES;
				IPHONEOS_DEPLOYMENT_TARGET = 12.1;
				MTL_ENABLE_DEBUG_INFO = INCLUDE_SOURCE;
				MTL_FAST_MATH = YES;
				ONLY_ACTIVE_ARCH = YES;
				SDKROOT = iphoneos;
			};
			name = Debug;
		};
		A87C6E7F2648280900138A78 /* Release */ = {
			isa = XCBuildConfiguration;
			buildSettings = {
				ALWAYS_SEARCH_USER_PATHS = NO;
				CLANG_ANALYZER_NONNULL = YES;
				CLANG_ANALYZER_NUMBER_OBJECT_CONVERSION = YES_AGGRESSIVE;
				CLANG_CXX_LANGUAGE_STANDARD = "gnu++14";
				CLANG_CXX_LIBRARY = "libc++";
				CLANG_ENABLE_MODULES = YES;
				CLANG_ENABLE_OBJC_ARC = YES;
				CLANG_ENABLE_OBJC_WEAK = YES;
				CLANG_WARN_BLOCK_CAPTURE_AUTORELEASING = YES;
				CLANG_WARN_BOOL_CONVERSION = YES;
				CLANG_WARN_COMMA = YES;
				CLANG_WARN_CONSTANT_CONVERSION = YES;
				CLANG_WARN_DEPRECATED_OBJC_IMPLEMENTATIONS = YES;
				CLANG_WARN_DIRECT_OBJC_ISA_USAGE = YES_ERROR;
				CLANG_WARN_DOCUMENTATION_COMMENTS = YES;
				CLANG_WARN_EMPTY_BODY = YES;
				CLANG_WARN_ENUM_CONVERSION = YES;
				CLANG_WARN_INFINITE_RECURSION = YES;
				CLANG_WARN_INT_CONVERSION = YES;
				CLANG_WARN_NON_LITERAL_NULL_CONVERSION = YES;
				CLANG_WARN_OBJC_IMPLICIT_RETAIN_SELF = YES;
				CLANG_WARN_OBJC_LITERAL_CONVERSION = YES;
				CLANG_WARN_OBJC_ROOT_CLASS = YES_ERROR;
				CLANG_WARN_RANGE_LOOP_ANALYSIS = YES;
				CLANG_WARN_STRICT_PROTOTYPES = YES;
				CLANG_WARN_SUSPICIOUS_MOVE = YES;
				CLANG_WARN_UNGUARDED_AVAILABILITY = YES_AGGRESSIVE;
				CLANG_WARN_UNREACHABLE_CODE = YES;
				CLANG_WARN__DUPLICATE_METHOD_MATCH = YES;
				CODE_SIGN_IDENTITY = "iPhone Developer";
				COPY_PHASE_STRIP = NO;
				DEBUG_INFORMATION_FORMAT = "dwarf-with-dsym";
				ENABLE_NS_ASSERTIONS = NO;
				ENABLE_STRICT_OBJC_MSGSEND = YES;
				GCC_C_LANGUAGE_STANDARD = gnu11;
				GCC_NO_COMMON_BLOCKS = YES;
				GCC_WARN_64_TO_32_BIT_CONVERSION = YES;
				GCC_WARN_ABOUT_RETURN_TYPE = YES_ERROR;
				GCC_WARN_UNDECLARED_SELECTOR = YES;
				GCC_WARN_UNINITIALIZED_AUTOS = YES_AGGRESSIVE;
				GCC_WARN_UNUSED_FUNCTION = YES;
				GCC_WARN_UNUSED_VARIABLE = YES;
				IPHONEOS_DEPLOYMENT_TARGET = 12.1;
				MTL_ENABLE_DEBUG_INFO = NO;
				MTL_FAST_MATH = YES;
				SDKROOT = iphoneos;
				VALIDATE_PRODUCT = YES;
			};
			name = Release;
		};
		A87C6E812648280900138A78 /* Debug */ = {
			isa = XCBuildConfiguration;
			baseConfigurationReference = E5D051BD58D3344996CD7DEA /* Pods-LSJProject.debug.xcconfig */;
			buildSettings = {
				ASSETCATALOG_COMPILER_APPICON_NAME = AppIcon;
				CODE_SIGN_STYLE = Automatic;
				DEVELOPMENT_TEAM = UZ6ARFAKQN;
				GCC_PREFIX_HEADER = "$(SRCROOT)/LSJProject/Resource/Global/PrefixHeader.pch";
				INFOPLIST_FILE = LSJProject/Resource/Global/Info.plist;
				LD_RUNPATH_SEARCH_PATHS = (
					"$(inherited)",
					"@executable_path/Frameworks",
				);
				PRODUCT_BUNDLE_IDENTIFIER = com.joy.www.LSJProject;
				PRODUCT_NAME = "$(TARGET_NAME)";
				TARGETED_DEVICE_FAMILY = "1,2";
			};
			name = Debug;
		};
		A87C6E822648280900138A78 /* Release */ = {
			isa = XCBuildConfiguration;
			baseConfigurationReference = B9988D374DC1784FDB38B7AD /* Pods-LSJProject.release.xcconfig */;
			buildSettings = {
				ASSETCATALOG_COMPILER_APPICON_NAME = AppIcon;
				CODE_SIGN_STYLE = Automatic;
				DEVELOPMENT_TEAM = UZ6ARFAKQN;
				GCC_PREFIX_HEADER = "$(SRCROOT)/LSJProject/Resource/Global/PrefixHeader.pch";
				INFOPLIST_FILE = LSJProject/Resource/Global/Info.plist;
				LD_RUNPATH_SEARCH_PATHS = (
					"$(inherited)",
					"@executable_path/Frameworks",
				);
				PRODUCT_BUNDLE_IDENTIFIER = com.joy.www.LSJProject;
				PRODUCT_NAME = "$(TARGET_NAME)";
				TARGETED_DEVICE_FAMILY = "1,2";
			};
			name = Release;
		};
		A87C6E842648280900138A78 /* Debug */ = {
			isa = XCBuildConfiguration;
			baseConfigurationReference = 560D7DDEF7F968F6F060CB47 /* Pods-LSJProjectTests.debug.xcconfig */;
			buildSettings = {
				BUNDLE_LOADER = "$(TEST_HOST)";
				CODE_SIGN_STYLE = Automatic;
				DEVELOPMENT_TEAM = UZ6ARFAKQN;
				INFOPLIST_FILE = LSJProjectTests/Info.plist;
				LD_RUNPATH_SEARCH_PATHS = (
					"$(inherited)",
					"@executable_path/Frameworks",
					"@loader_path/Frameworks",
				);
				PRODUCT_BUNDLE_IDENTIFIER = com.joy.www.LSJProjectTests;
				PRODUCT_NAME = "$(TARGET_NAME)";
				TARGETED_DEVICE_FAMILY = "1,2";
				TEST_HOST = "$(BUILT_PRODUCTS_DIR)/LSJProject.app/LSJProject";
			};
			name = Debug;
		};
		A87C6E852648280900138A78 /* Release */ = {
			isa = XCBuildConfiguration;
			baseConfigurationReference = F0782379D2A1F1E3335C2BF1 /* Pods-LSJProjectTests.release.xcconfig */;
			buildSettings = {
				BUNDLE_LOADER = "$(TEST_HOST)";
				CODE_SIGN_STYLE = Automatic;
				DEVELOPMENT_TEAM = UZ6ARFAKQN;
				INFOPLIST_FILE = LSJProjectTests/Info.plist;
				LD_RUNPATH_SEARCH_PATHS = (
					"$(inherited)",
					"@executable_path/Frameworks",
					"@loader_path/Frameworks",
				);
				PRODUCT_BUNDLE_IDENTIFIER = com.joy.www.LSJProjectTests;
				PRODUCT_NAME = "$(TARGET_NAME)";
				TARGETED_DEVICE_FAMILY = "1,2";
				TEST_HOST = "$(BUILT_PRODUCTS_DIR)/LSJProject.app/LSJProject";
			};
			name = Release;
		};
		A87C6E872648280900138A78 /* Debug */ = {
			isa = XCBuildConfiguration;
			baseConfigurationReference = 7E98274E0B5EB96B8FD768B9 /* Pods-LSJProject-LSJProjectUITests.debug.xcconfig */;
			buildSettings = {
				CODE_SIGN_STYLE = Automatic;
				DEVELOPMENT_TEAM = UZ6ARFAKQN;
				INFOPLIST_FILE = LSJProjectUITests/Info.plist;
				LD_RUNPATH_SEARCH_PATHS = (
					"$(inherited)",
					"@executable_path/Frameworks",
					"@loader_path/Frameworks",
				);
				PRODUCT_BUNDLE_IDENTIFIER = com.joy.www.LSJProjectUITests;
				PRODUCT_NAME = "$(TARGET_NAME)";
				TARGETED_DEVICE_FAMILY = "1,2";
				TEST_TARGET_NAME = LSJProject;
			};
			name = Debug;
		};
		A87C6E882648280900138A78 /* Release */ = {
			isa = XCBuildConfiguration;
			baseConfigurationReference = A31DFC107FD25D70D62B3481 /* Pods-LSJProject-LSJProjectUITests.release.xcconfig */;
			buildSettings = {
				CODE_SIGN_STYLE = Automatic;
				DEVELOPMENT_TEAM = UZ6ARFAKQN;
				INFOPLIST_FILE = LSJProjectUITests/Info.plist;
				LD_RUNPATH_SEARCH_PATHS = (
					"$(inherited)",
					"@executable_path/Frameworks",
					"@loader_path/Frameworks",
				);
				PRODUCT_BUNDLE_IDENTIFIER = com.joy.www.LSJProjectUITests;
				PRODUCT_NAME = "$(TARGET_NAME)";
				TARGETED_DEVICE_FAMILY = "1,2";
				TEST_TARGET_NAME = LSJProject;
			};
			name = Release;
		};
/* End XCBuildConfiguration section */

/* Begin XCConfigurationList section */
		A87C6E4F2648280700138A78 /* Build configuration list for PBXProject "LSJProject" */ = {
			isa = XCConfigurationList;
			buildConfigurations = (
				A87C6E7E2648280900138A78 /* Debug */,
				A87C6E7F2648280900138A78 /* Release */,
			);
			defaultConfigurationIsVisible = 0;
			defaultConfigurationName = Release;
		};
		A87C6E802648280900138A78 /* Build configuration list for PBXNativeTarget "LSJProject" */ = {
			isa = XCConfigurationList;
			buildConfigurations = (
				A87C6E812648280900138A78 /* Debug */,
				A87C6E822648280900138A78 /* Release */,
			);
			defaultConfigurationIsVisible = 0;
			defaultConfigurationName = Release;
		};
		A87C6E832648280900138A78 /* Build configuration list for PBXNativeTarget "LSJProjectTests" */ = {
			isa = XCConfigurationList;
			buildConfigurations = (
				A87C6E842648280900138A78 /* Debug */,
				A87C6E852648280900138A78 /* Release */,
			);
			defaultConfigurationIsVisible = 0;
			defaultConfigurationName = Release;
		};
		A87C6E862648280900138A78 /* Build configuration list for PBXNativeTarget "LSJProjectUITests" */ = {
			isa = XCConfigurationList;
			buildConfigurations = (
				A87C6E872648280900138A78 /* Debug */,
				A87C6E882648280900138A78 /* Release */,
			);
			defaultConfigurationIsVisible = 0;
			defaultConfigurationName = Release;
		};
/* End XCConfigurationList section */
	};
	rootObject = A87C6E4C2648280700138A78 /* Project object */;
}
